
Microsoft Visual Studio Solution File, Format Version 12.00
# Visual Studio Version 16
VisualStudioVersion = 16.0.810.4
MinimumVisualStudioVersion = 10.0.40219.1
Project("{FAE04EC0-301F-11D3-BF4B-00C04F79EFBC}") = "BMIcalc", "BMIcalc\BMIcalc.csproj", "{4939B8DB-D28C-4309-9898-337531288D0D}"
EndProject
Global
	GlobalSection(SolutionConfigurationPlatforms) = preSolution
		Debug|Any CPU = Debug|Any CPU
		Release|Any CPU = Release|Any CPU
	EndGlobalSection
	GlobalSection(ProjectConfigurationPlatforms) = postSolution
		{4939B8DB-D28C-4309-9898-337531288D0D}.Debug|Any CPU.ActiveCfg = Debug|Any CPU
		{4939B8DB-D28C-4309-9898-337531288D0D}.Debug|Any CPU.Build.0 = Debug|Any CPU
		{4939B8DB-D28C-4309-9898-337531288D0D}.Release|Any CPU.ActiveCfg = Release|Any CPU
		{4939B8DB-D28C-4309-9898-337531288D0D}.Release|Any CPU.Build.0 = Release|Any CPU
	EndGlobalSection
	GlobalSection(SolutionProperties) = preSolution
		HideSolutionNode = FALSE
	EndGlobalSection
	GlobalSection(ExtensibilityGlobals) = postSolution
		SolutionGuid = {861836A0-CCA8-4402-ADFA-432A8832112B}
	EndGlobalSection
EndGlobal
